// !$*UTF8*$!
{
	archiveVersion = 1;
	classes = {
	};
	objectVersion = 46;
	objects = {

/* Begin PBXBuildFile section */
		27FA710C1D473D8F00B4C5F7 /* main.m in Sources */ = {isa = PBXBuildFile; fileRef = 27FA710B1D473D8F00B4C5F7 /* main.m */; };
		27FA710F1D473D8F00B4C5F7 /* AppDelegate.m in Sources */ = {isa = PBXBuildFile; fileRef = 27FA710E1D473D8F00B4C5F7 /* AppDelegate.m */; };
		27FA71121D473D8F00B4C5F7 /* ViewController.m in Sources */ = {isa = PBXBuildFile; fileRef = 27FA71111D473D8F00B4C5F7 /* ViewController.m */; };
		27FA71151D473D8F00B4C5F7 /* Main.storyboard in Resources */ = {isa = PBXBuildFile; fileRef = 27FA71131D473D8F00B4C5F7 /* Main.storyboard */; };
		27FA71171D473D8F00B4C5F7 /* Assets.xcassets in Resources */ = {isa = PBXBuildFile; fileRef = 27FA71161D473D8F00B4C5F7 /* Assets.xcassets */; };
		27FA711A1D473D8F00B4C5F7 /* LaunchScreen.storyboard in Resources */ = {isa = PBXBuildFile; fileRef = 27FA71181D473D8F00B4C5F7 /* LaunchScreen.storyboard */; };
/* End PBXBuildFile section */

/* Begin PBXFileReference section */
		27FA71071D473D8F00B4C5F7 /* OlaMundoObjectiveC.app */ = {isa = PBXFileReference; explicitFileType = wrapper.application; includeInIndex = 0; path = OlaMundoObjectiveC.app; sourceTree = BUILT_PRODUCTS_DIR; };
		27FA710B1D473D8F00B4C5F7 /* main.m */ = {isa = PBXFileReference; lastKnownFileType = sourcecode.c.objc; path = main.m; sourceTree = "<group>"; };
		27FA710D1D473D8F00B4C5F7 /* AppDelegate.h */ = {isa = PBXFileReference; lastKnownFileType = sourcecode.c.h; path = AppDelegate.h; sourceTree = "<group>"; };
		27FA710E1D473D8F00B4C5F7 /* AppDelegate.m */ = {isa = PBXFileReference; lastKnownFileType = sourcecode.c.objc; path = AppDelegate.m; sourceTree = "<group>"; };
		27FA71101D473D8F00B4C5F7 /* ViewController.h */ = {isa = PBXFileReference; lastKnownFileType = sourcecode.c.h; path = ViewController.h; sourceTree = "<group>"; };
		27FA71111D473D8F00B4C5F7 /* ViewController.m */ = {isa = PBXFileReference; lastKnownFileType = sourcecode.c.objc; path = ViewController.m; sourceTree = "<group>"; };
		27FA71141D473D8F00B4C5F7 /* Base */ = {isa = PBXFileReference; lastKnownFileType = file.storyboard; name = Base; path = Base.lproj/Main.storyboard; sourceTree = "<group>"; };
		27FA71161D473D8F00B4C5F7 /* Assets.xcassets */ = {isa = PBXFileReference; lastKnownFileType = folder.assetcatalog; path = Assets.xcassets; sourceTree = "<group>"; };
		27FA71191D473D8F00B4C5F7 /* Base */ = {isa = PBXFileReference; lastKnownFileType = file.storyboard; name = Base; path = Base.lproj/LaunchScreen.storyboard; sourceTree = "<group>"; };
		27FA711B1D473D8F00B4C5F7 /* Info.plist */ = {isa = PBXFileReference; lastKnownFileType = text.plist.xml; path = Info.plist; sourceTree = "<group>"; };
/* End PBXFileReference section */

/* Begin PBXFrameworksBuildPhase section */
		27FA71041D473D8F00B4C5F7 /* Frameworks */ = {
			isa = PBXFrameworksBuildPhase;
			buildActionMask = 2147483647;
			files = (
			);
			runOnlyForDeploymentPostprocessing = 0;
		};
/* End PBXFrameworksBuildPhase section */

/* Begin PBXGroup section */
		27FA70FE1D473D8F00B4C5F7 = {
			isa = PBXGroup;
			children = (
				27FA71091D473D8F00B4C5F7 /* OlaMundoObjectiveC */,
				27FA71081D473D8F00B4C5F7 /* Products */,
			);
			sourceTree = "<group>";
		};
		27FA71081D473D8F00B4C5F7 /* Products */ = {
			isa = PBXGroup;
			children = (
				27FA71071D473D8F00B4C5F7 /* OlaMundoObjectiveC.app */,
			);
			name = Products;
			sourceTree = "<group>";
		};
		27FA71091D473D8F00B4C5F7 /* OlaMundoObjectiveC */ = {
			isa = PBXGroup;
			children = (
				27FA710D1D473D8F00B4C5F7 /* AppDelegate.h */,
				27FA710E1D473D8F00B4C5F7 /* AppDelegate.m */,
				27FA71101D473D8F00B4C5F7 /* ViewController.h */,
				27FA71111D473D8F00B4C5F7 /* ViewController.m */,
				27FA71131D473D8F00B4C5F7 /* Main.storyboard */,
				27FA71161D473D8F00B4C5F7 /* Assets.xcassets */,
				27FA71181D473D8F00B4C5F7 /* LaunchScreen.storyboard */,
				27FA711B1D473D8F00B4C5F7 /* Info.plist */,
				27FA710A1D473D8F00B4C5F7 /* Supporting Files */,
			);
			path = OlaMundoObjectiveC;
			sourceTree = "<group>";
		};
		27FA710A1D473D8F00B4C5F7 /* Supporting Files */ = {
			isa = PBXGroup;
			children = (
				27FA710B1D473D8F00B4C5F7 /* main.m */,
			);
			name = "Supporting Files";
			sourceTree = "<group>";
		};
/* End PBXGroup section */

/* Begin PBXNativeTarget section */
		27FA71061D473D8F00B4C5F7 /* OlaMundoObjectiveC */ = {
			isa = PBXNativeTarget;
			buildConfigurationList = 27FA711E1D473D8F00B4C5F7 /* Build configuration list for PBXNativeTarget "OlaMundoObjectiveC" */;
			buildPhases = (
				27FA71031D473D8F00B4C5F7 /* Sources */,
				27FA71041D473D8F00B4C5F7 /* Frameworks */,
				27FA71051D473D8F00B4C5F7 /* Resources */,
			);
			buildRules = (
			);
			dependencies = (
			);
			name = OlaMundoObjectiveC;
			productName = OlaMundoObjectiveC;
			productReference = 27FA71071D473D8F00B4C5F7 /* OlaMundoObjectiveC.app */;
			productType = "com.apple.product-type.application";
		};
/* End PBXNativeTarget section */

/* Begin PBXProject section */
		27FA70FF1D473D8F00B4C5F7 /* Project object */ = {
			isa = PBXProject;
			attributes = {
				LastUpgradeCheck = 0730;
				ORGANIZATIONNAME = Toncatzu;
				TargetAttributes = {
					27FA71061D473D8F00B4C5F7 = {
						CreatedOnToolsVersion = 7.3;
					};
				};
			};
			buildConfigurationList = 27FA71021D473D8F00B4C5F7 /* Build configuration list for PBXProject "OlaMundoObjectiveC" */;
			compatibilityVersion = "Xcode 3.2";
			developmentRegion = English;
			hasScannedForEncodings = 0;
			knownRegions = (
				en,
				Base,
			);
			mainGroup = 27FA70FE1D473D8F00B4C5F7;
			productRefGroup = 27FA71081D473D8F00B4C5F7 /* Products */;
			projectDirPath = "";
			projectRoot = "";
			targets = (
				27FA71061D473D8F00B4C5F7 /* OlaMundoObjectiveC */,
			);
		};
/* End PBXProject section */

/* Begin PBXResourcesBuildPhase section */
		27FA71051D473D8F00B4C5F7 /* Resources */ = {
			isa = PBXResourcesBuildPhase;
			buildActionMask = 2147483647;
			files = (
				27FA711A1D473D8F00B4C5F7 /* LaunchScreen.storyboard in Resources */,
				27FA71171D473D8F00B4C5F7 /* Assets.xcassets in Resources */,
				27FA71151D473D8F00B4C5F7 /* Main.storyboard in Resources */,
			);
			runOnlyForDeploymentPostprocessing = 0;
		};
/* End PBXResourcesBuildPhase section */

/* Begin PBXSourcesBuildPhase section */
		27FA71031D473D8F00B4C5F7 /* Sources */ = {
			isa = PBXSourcesBuildPhase;
			buildActionMask = 2147483647;
			files = (
				27FA71121D473D8F00B4C5F7 /* ViewController.m in Sources */,
				27FA710F1D473D8F00B4C5F7 /* AppDelegate.m in Sources */,
				27FA710C1D473D8F00B4C5F7 /* main.m in Sources */,
			);
			runOnlyForDeploymentPostprocessing = 0;
		};
/* End PBXSourcesBuildPhase section */

/* Begin PBXVariantGroup section */
		27FA71131D473D8F00B4C5F7 /* Main.storyboard */ = {
			isa = PBXVariantGroup;
			children = (
				27FA71141D473D8F00B4C5F7 /* Base */,
			);
			name = Main.storyboard;
			sourceTree = "<group>";
		};
		27FA71181D473D8F00B4C5F7 /* LaunchScreen.storyboard */ = {
			isa = PBXVariantGroup;
			children = (
				27FA71191D473D8F00B4C5F7 /* Base */,
			);
			name = LaunchScreen.storyboard;
			sourceTree = "<group>";
		};
/* End PBXVariantGroup section */

/* Begin XCBuildConfiguration section */
		27FA711C1D473D8F00B4C5F7 /* Debug */ = {
			isa = XCBuildConfiguration;
			buildSettings = {
				ALWAYS_SEARCH_USER_PATHS = NO;
				CLANG_ANALYZER_NONNULL = YES;
				CLANG_CXX_LANGUAGE_STANDARD = "gnu++0x";
				CLANG_CXX_LIBRARY = "libc++";
				CLANG_ENABLE_MODULES = YES;
				CLANG_ENABLE_OBJC_ARC = YES;
				CLANG_WARN_BOOL_CONVERSION = YES;
				CLANG_WARN_CONSTANT_CONVERSION = YES;
				CLANG_WARN_DIRECT_OBJC_ISA_USAGE = YES_ERROR;
				CLANG_WARN_EMPTY_BODY = YES;
				CLANG_WARN_ENUM_CONVERSION = YES;
				CLANG_WARN_INT_CONVERSION = YES;
				CLANG_WARN_OBJC_ROOT_CLASS = YES_ERROR;
				CLANG_WARN_UNREACHABLE_CODE = YES;
				CLANG_WARN__DUPLICATE_METHOD_MATCH = YES;
				"CODE_SIGN_IDENTITY[sdk=iphoneos*]" = "iPhone Developer";
				COPY_PHASE_STRIP = NO;
				DEBUG_INFORMATION_FORMAT = dwarf;
				ENABLE_STRICT_OBJC_MSGSEND = YES;
				ENABLE_TESTABILITY = YES;
				GCC_C_LANGUAGE_STANDARD = gnu99;
				GCC_DYNAMIC_NO_PIC = NO;
				GCC_NO_COMMON_BLOCKS = YES;
				GCC_OPTIMIZATION_LEVEL = 0;
				GCC_PREPROCESSOR_DEFINITIONS = (
					"DEBUG=1",
					"$(inherited)",
				);
				GCC_WARN_64_TO_32_BIT_CONVERSION = YES;
				GCC_WARN_ABOUT_RETURN_TYPE = YES_ERROR;
				GCC_WARN_UNDECLARED_SELECTOR = YES;
				GCC_WARN_UNINITIALIZED_AUTOS = YES_AGGRESSIVE;
				GCC_WARN_UNUSED_FUNCTION = YES;
				GCC_WARN_UNUSED_VARIABLE = YES;
				IPHONEOS_DEPLOYMENT_TARGET = 9.3;
				MTL_ENABLE_DEBUG_INFO = YES;
				ONLY_ACTIVE_ARCH = YES;
				SDKROOT = iphoneos;
				TARGETED_DEVICE_FAMILY = "1,2";
			};
			name = Debug;
		};
		27FA711D1D473D8F00B4C5F7 /* Release */ = {
			isa = XCBuildConfiguration;
			buildSettings = {
				ALWAYS_SEARCH_USER_PATHS = NO;
				CLANG_ANALYZER_NONNULL = YES;
				CLANG_CXX_LANGUAGE_STANDARD = "gnu++0x";
				CLANG_CXX_LIBRARY = "libc++";
				CLANG_ENABLE_MODULES = YES;
				CLANG_ENABLE_OBJC_ARC = YES;
				CLANG_WARN_BOOL_CONVERSION = YES;
				CLANG_WARN_CONSTANT_CONVERSION = YES;
				CLANG_WARN_DIRECT_OBJC_ISA_USAGE = YES_ERROR;
				CLANG_WARN_EMPTY_BODY = YES;
				CLANG_WARN_ENUM_CONVERSION = YES;
				CLANG_WARN_INT_CONVERSION = YES;
				CLANG_WARN_OBJC_ROOT_CLASS = YES_ERROR;
				CLANG_WARN_UNREACHABLE_CODE = YES;
				CLANG_WARN__DUPLICATE_METHOD_MATCH = YES;
				"CODE_SIGN_IDENTITY[sdk=iphoneos*]" = "iPhone Developer";
				COPY_PHASE_STRIP = NO;
				DEBUG_INFORMATION_FORMAT = "dwarf-with-dsym";
				ENABLE_NS_ASSERTIONS = NO;
				ENABLE_STRICT_OBJC_MSGSEND = YES;
				GCC_C_LANGUAGE_STANDARD = gnu99;
				GCC_NO_COMMON_BLOCKS = YES;
				GCC_WARN_64_TO_32_BIT_CONVERSION = YES;
				GCC_WARN_ABOUT_RETURN_TYPE = YES_ERROR;
				GCC_WARN_UNDECLARED_SELECTOR = YES;
				GCC_WARN_UNINITIALIZED_AUTOS = YES_AGGRESSIVE;
				GCC_WARN_UNUSED_FUNCTION = YES;
				GCC_WARN_UNUSED_VARIABLE = YES;
				IPHONEOS_DEPLOYMENT_TARGET = 9.3;
				MTL_ENABLE_DEBUG_INFO = NO;
				SDKROOT = iphoneos;
				TARGETED_DEVICE_FAMILY = "1,2";
				VALIDATE_PRODUCT = YES;
			};
			name = Release;
		};
		27FA711F1D473D8F00B4C5F7 /* Debug */ = {
			isa = XCBuildConfiguration;
			buildSettings = {
				ASSETCATALOG_COMPILER_APPICON_NAME = AppIcon;
				INFOPLIST_FILE = OlaMundoObjectiveC/Info.plist;
				LD_RUNPATH_SEARCH_PATHS = "$(inherited) @executable_path/Frameworks";
				PRODUCT_BUNDLE_IDENTIFIER = net.catzie.OlaMundoObjectiveC;
				PRODUCT_NAME = "$(TARGET_NAME)";
			};
			name = Debug;
		};
		27FA71201D473D8F00B4C5F7 /* Release */ = {
			isa = XCBuildConfiguration;
			buildSettings = {
				ASSETCATALOG_COMPILER_APPICON_NAME = AppIcon;
				INFOPLIST_FILE = OlaMundoObjectiveC/Info.plist;
				LD_RUNPATH_SEARCH_PATHS = "$(inherited) @executable_path/Frameworks";
				PRODUCT_BUNDLE_IDENTIFIER = net.catzie.OlaMundoObjectiveC;
				PRODUCT_NAME = "$(TARGET_NAME)";
			};
			name = Release;
		};
/* End XCBuildConfiguration section */

/* Begin XCConfigurationList section */
		27FA71021D473D8F00B4C5F7 /* Build configuration list for PBXProject "OlaMundoObjectiveC" */ = {
			isa = XCConfigurationList;
			buildConfigurations = (
				27FA711C1D473D8F00B4C5F7 /* Debug */,
				27FA711D1D473D8F00B4C5F7 /* Release */,
			);
			defaultConfigurationIsVisible = 0;
			defaultConfigurationName = Release;
		};
		27FA711E1D473D8F00B4C5F7 /* Build configuration list for PBXNativeTarget "OlaMundoObjectiveC" */ = {
			isa = XCConfigurationList;
			buildConfigurations = (
				27FA711F1D473D8F00B4C5F7 /* Debug */,
				27FA71201D473D8F00B4C5F7 /* Release */,
			);
			defaultConfigurationIsVisible = 0;
		};
/* End XCConfigurationList section */
	};
	rootObject = 27FA70FF1D473D8F00B4C5F7 /* Project object */;
}
